
Microsoft Visual Studio Solution File, Format Version 12.00
# Visual Studio Version 17
VisualStudioVersion = 17.12.35527.113 d17.12
MinimumVisualStudioVersion = 10.0.40219.1
Project("{FAE04EC0-301F-11D3-BF4B-00C04F79EFBC}") = "IST_Networks_Task.Api", "IST_Networks_Task\IST_Networks_Task.Api.csproj", "{A6D44E3E-6BB3-44C2-9BF3-287CF4812576}"
EndProject
Project("{FAE04EC0-301F-11D3-BF4B-00C04F79EFBC}") = "IST_Networks_Task.Core", "IST_Networks_Task.Core\IST_Networks_Task.Core.csproj", "{C7BCE81C-D9F6-4B60-AD03-1A9B70945CD6}"
EndProject
Project("{FAE04EC0-301F-11D3-BF4B-00C04F79EFBC}") = "IST_Networks_Task.EF", "IST_Networks_Task.EF\IST_Networks_Task.EF.csproj", "{F61A6183-3D16-424D-9793-C6BDB9732751}"
EndProject
Global
	GlobalSection(SolutionConfigurationPlatforms) = preSolution
		Debug|Any CPU = Debug|Any CPU
		Release|Any CPU = Release|Any CPU
	EndGlobalSection
	GlobalSection(ProjectConfigurationPlatforms) = postSolution
		{A6D44E3E-6BB3-44C2-9BF3-287CF4812576}.Debug|Any CPU.ActiveCfg = Debug|Any CPU
		{A6D44E3E-6BB3-44C2-9BF3-287CF4812576}.Debug|Any CPU.Build.0 = Debug|Any CPU
		{A6D44E3E-6BB3-44C2-9BF3-287CF4812576}.Release|Any CPU.ActiveCfg = Release|Any CPU
		{A6D44E3E-6BB3-44C2-9BF3-287CF4812576}.Release|Any CPU.Build.0 = Release|Any CPU
		{C7BCE81C-D9F6-4B60-AD03-1A9B70945CD6}.Debug|Any CPU.ActiveCfg = Debug|Any CPU
		{C7BCE81C-D9F6-4B60-AD03-1A9B70945CD6}.Debug|Any CPU.Build.0 = Debug|Any CPU
		{C7BCE81C-D9F6-4B60-AD03-1A9B70945CD6}.Release|Any CPU.ActiveCfg = Release|Any CPU
		{C7BCE81C-D9F6-4B60-AD03-1A9B70945CD6}.Release|Any CPU.Build.0 = Release|Any CPU
		{F61A6183-3D16-424D-9793-C6BDB9732751}.Debug|Any CPU.ActiveCfg = Debug|Any CPU
		{F61A6183-3D16-424D-9793-C6BDB9732751}.Debug|Any CPU.Build.0 = Debug|Any CPU
		{F61A6183-3D16-424D-9793-C6BDB9732751}.Release|Any CPU.ActiveCfg = Release|Any CPU
		{F61A6183-3D16-424D-9793-C6BDB9732751}.Release|Any CPU.Build.0 = Release|Any CPU
	EndGlobalSection
	GlobalSection(SolutionProperties) = preSolution
		HideSolutionNode = FALSE
	EndGlobalSection
EndGlobal
